
Microsoft Visual Studio Solution File, Format Version 12.00
# Visual Studio Version 17
VisualStudioVersion = 17.9.34310.174
MinimumVisualStudioVersion = 10.0.40219.1
Project("{FAE04EC0-301F-11D3-BF4B-00C04F79EFBC}") = "TrainCloud.HttpClient", "TrainCloud.HttpClient\TrainCloud.HttpClient.csproj", "{BA352EF8-93D4-421C-BDD9-13B5BA16FE12}"
EndProject
Global
	GlobalSection(SolutionConfigurationPlatforms) = preSolution
		Debug|Any CPU = Debug|Any CPU
		Release|Any CPU = Release|Any CPU
	EndGlobalSection
	GlobalSection(ProjectConfigurationPlatforms) = postSolution
		{BA352EF8-93D4-421C-BDD9-13B5BA16FE12}.Debug|Any CPU.ActiveCfg = Debug|Any CPU
		{BA352EF8-93D4-421C-BDD9-13B5BA16FE12}.Debug|Any CPU.Build.0 = Debug|Any CPU
		{BA352EF8-93D4-421C-BDD9-13B5BA16FE12}.Release|Any CPU.ActiveCfg = Release|Any CPU
		{BA352EF8-93D4-421C-BDD9-13B5BA16FE12}.Release|Any CPU.Build.0 = Release|Any CPU
	EndGlobalSection
	GlobalSection(SolutionProperties) = preSolution
		HideSolutionNode = FALSE
	EndGlobalSection
	GlobalSection(ExtensibilityGlobals) = postSolution
		SolutionGuid = {764DE490-8198-4E6A-84F0-D9893C08417E}
	EndGlobalSection
EndGlobal
