
Microsoft Visual Studio Solution File, Format Version 12.00
# Visual Studio Version 17
VisualStudioVersion = 17.9.34310.174
MinimumVisualStudioVersion = 10.0.40219.1
Project("{9A19103F-16F7-4668-BE54-9A1E7A4F7556}") = "TrainCloud.HttpClient", "TrainCloud.HttpClient\TrainCloud.HttpClient.csproj", "{BA352EF8-93D4-421C-BDD9-13B5BA16FE12}"
EndProject
Project("{2150E333-8FDC-42A3-9474-1A3956D46DE8}") = "Solution Items", "Solution Items", "{4AD60777-CDB2-4374-A2F4-2D6D145EE432}"
	ProjectSection(SolutionItems) = preProject
		.gitattributes = .gitattributes
		.gitignore = .gitignore
		LICENSE.txt = LICENSE.txt
		nuget.config = nuget.config
		README.md = README.md
	EndProjectSection
EndProject
Project("{9A19103F-16F7-4668-BE54-9A1E7A4F7556}") = "TrainCloud.HttpClient.TestServer", "TrainCloud.HttpClient.TestServer\TrainCloud.HttpClient.TestServer.csproj", "{932FE1EF-BC21-43C4-B166-1EAFE21868C9}"
EndProject
Project("{9A19103F-16F7-4668-BE54-9A1E7A4F7556}") = "TrainCloud.Tests.HttpClient", "TrainCloud.Tests.HttpClient\TrainCloud.Tests.HttpClient.csproj", "{F2DDCF66-C13C-4F34-A074-FC5658E8B1D8}"
EndProject
Global
	GlobalSection(SolutionConfigurationPlatforms) = preSolution
		Debug|Any CPU = Debug|Any CPU
		Release|Any CPU = Release|Any CPU
	EndGlobalSection
	GlobalSection(ProjectConfigurationPlatforms) = postSolution
		{BA352EF8-93D4-421C-BDD9-13B5BA16FE12}.Debug|Any CPU.ActiveCfg = Debug|Any CPU
		{BA352EF8-93D4-421C-BDD9-13B5BA16FE12}.Debug|Any CPU.Build.0 = Debug|Any CPU
		{BA352EF8-93D4-421C-BDD9-13B5BA16FE12}.Release|Any CPU.ActiveCfg = Release|Any CPU
		{BA352EF8-93D4-421C-BDD9-13B5BA16FE12}.Release|Any CPU.Build.0 = Release|Any CPU
		{932FE1EF-BC21-43C4-B166-1EAFE21868C9}.Debug|Any CPU.ActiveCfg = Debug|Any CPU
		{932FE1EF-BC21-43C4-B166-1EAFE21868C9}.Debug|Any CPU.Build.0 = Debug|Any CPU
		{932FE1EF-BC21-43C4-B166-1EAFE21868C9}.Release|Any CPU.ActiveCfg = Release|Any CPU
		{932FE1EF-BC21-43C4-B166-1EAFE21868C9}.Release|Any CPU.Build.0 = Release|Any CPU
		{F2DDCF66-C13C-4F34-A074-FC5658E8B1D8}.Debug|Any CPU.ActiveCfg = Debug|Any CPU
		{F2DDCF66-C13C-4F34-A074-FC5658E8B1D8}.Debug|Any CPU.Build.0 = Debug|Any CPU
		{F2DDCF66-C13C-4F34-A074-FC5658E8B1D8}.Release|Any CPU.ActiveCfg = Release|Any CPU
		{F2DDCF66-C13C-4F34-A074-FC5658E8B1D8}.Release|Any CPU.Build.0 = Release|Any CPU
	EndGlobalSection
	GlobalSection(SolutionProperties) = preSolution
		HideSolutionNode = FALSE
	EndGlobalSection
	GlobalSection(ExtensibilityGlobals) = postSolution
		SolutionGuid = {764DE490-8198-4E6A-84F0-D9893C08417E}
	EndGlobalSection
EndGlobal
